
Microsoft Visual Studio Solution File, Format Version 12.00
# Visual Studio Version 16
VisualStudioVersion = 16.0.30709.132
MinimumVisualStudioVersion = 10.0.40219.1
Project("{FAE04EC0-301F-11D3-BF4B-00C04F79EFBC}") = "SharpCodeWebsite", "SharpCodeWebsite.csproj", "{1FAEE072-24EB-4965-81B3-E64C45DEE21B}"
EndProject
Global
	GlobalSection(SolutionConfigurationPlatforms) = preSolution
		Debug|Any CPU = Debug|Any CPU
		Release|Any CPU = Release|Any CPU
	EndGlobalSection
	GlobalSection(ProjectConfigurationPlatforms) = postSolution
		{1FAEE072-24EB-4965-81B3-E64C45DEE21B}.Debug|Any CPU.ActiveCfg = Debug|Any CPU
		{1FAEE072-24EB-4965-81B3-E64C45DEE21B}.Debug|Any CPU.Build.0 = Debug|Any CPU
		{1FAEE072-24EB-4965-81B3-E64C45DEE21B}.Release|Any CPU.ActiveCfg = Release|Any CPU
		{1FAEE072-24EB-4965-81B3-E64C45DEE21B}.Release|Any CPU.Build.0 = Release|Any CPU
	EndGlobalSection
	GlobalSection(SolutionProperties) = preSolution
		HideSolutionNode = FALSE
	EndGlobalSection
	GlobalSection(ExtensibilityGlobals) = postSolution
		SolutionGuid = {DD1B66F2-C102-4500-834E-061ECB9C8D8F}
	EndGlobalSection
EndGlobal
